
Microsoft Visual Studio Solution File, Format Version 12.00
# Visual Studio 14
VisualStudioVersion = 14.0.25420.1
MinimumVisualStudioVersion = 10.0.40219.1
Project("{FAE04EC0-301F-11D3-BF4B-00C04F79EFBC}") = "CrazyTruck", "CrazyTruck\CrazyTruck.csproj", "{B14F72E7-3B3D-4681-A489-08C3601CD998}"
EndProject
Project("{FAE04EC0-301F-11D3-BF4B-00C04F79EFBC}") = "Nucleo.CrazyTruck", "Nucleo.CrazyTruck\Nucleo.CrazyTruck.csproj", "{1F4427E8-A6C1-4210-B609-27ACDF64E37C}"
EndProject
Project("{FAE04EC0-301F-11D3-BF4B-00C04F79EFBC}") = "ClassLr", "ClassLr\ClassLr.csproj", "{BA93C313-CD53-401B-9AA3-471A7C69ECE5}"
EndProject
Global
	GlobalSection(SolutionConfigurationPlatforms) = preSolution
		Debug|Any CPU = Debug|Any CPU
		Release|Any CPU = Release|Any CPU
	EndGlobalSection
	GlobalSection(ProjectConfigurationPlatforms) = postSolution
		{B14F72E7-3B3D-4681-A489-08C3601CD998}.Debug|Any CPU.ActiveCfg = Debug|Any CPU
		{B14F72E7-3B3D-4681-A489-08C3601CD998}.Debug|Any CPU.Build.0 = Debug|Any CPU
		{B14F72E7-3B3D-4681-A489-08C3601CD998}.Release|Any CPU.ActiveCfg = Release|Any CPU
		{B14F72E7-3B3D-4681-A489-08C3601CD998}.Release|Any CPU.Build.0 = Release|Any CPU
		{1F4427E8-A6C1-4210-B609-27ACDF64E37C}.Debug|Any CPU.ActiveCfg = Debug|Any CPU
		{1F4427E8-A6C1-4210-B609-27ACDF64E37C}.Debug|Any CPU.Build.0 = Debug|Any CPU
		{1F4427E8-A6C1-4210-B609-27ACDF64E37C}.Release|Any CPU.ActiveCfg = Release|Any CPU
		{1F4427E8-A6C1-4210-B609-27ACDF64E37C}.Release|Any CPU.Build.0 = Release|Any CPU
		{BA93C313-CD53-401B-9AA3-471A7C69ECE5}.Debug|Any CPU.ActiveCfg = Debug|Any CPU
		{BA93C313-CD53-401B-9AA3-471A7C69ECE5}.Debug|Any CPU.Build.0 = Debug|Any CPU
		{BA93C313-CD53-401B-9AA3-471A7C69ECE5}.Release|Any CPU.ActiveCfg = Release|Any CPU
		{BA93C313-CD53-401B-9AA3-471A7C69ECE5}.Release|Any CPU.Build.0 = Release|Any CPU
	EndGlobalSection
	GlobalSection(SolutionProperties) = preSolution
		HideSolutionNode = FALSE
	EndGlobalSection
EndGlobal
